
Microsoft Visual Studio Solution File, Format Version 12.00
# Visual Studio Version 17
VisualStudioVersion = 17.11.35312.102
MinimumVisualStudioVersion = 10.0.40219.1
Project("{FAE04EC0-301F-11D3-BF4B-00C04F79EFBC}") = "Assmnt2Ques1", "Assmnt2Ques1.csproj", "{676C7D16-B715-4EC2-B8AF-E3156AB41802}"
EndProject
Global
	GlobalSection(SolutionConfigurationPlatforms) = preSolution
		Debug|Any CPU = Debug|Any CPU
		Release|Any CPU = Release|Any CPU
	EndGlobalSection
	GlobalSection(ProjectConfigurationPlatforms) = postSolution
		{676C7D16-B715-4EC2-B8AF-E3156AB41802}.Debug|Any CPU.ActiveCfg = Debug|Any CPU
		{676C7D16-B715-4EC2-B8AF-E3156AB41802}.Debug|Any CPU.Build.0 = Debug|Any CPU
		{676C7D16-B715-4EC2-B8AF-E3156AB41802}.Release|Any CPU.ActiveCfg = Release|Any CPU
		{676C7D16-B715-4EC2-B8AF-E3156AB41802}.Release|Any CPU.Build.0 = Release|Any CPU
	EndGlobalSection
	GlobalSection(SolutionProperties) = preSolution
		HideSolutionNode = FALSE
	EndGlobalSection
	GlobalSection(ExtensibilityGlobals) = postSolution
		SolutionGuid = {E1A114E1-BB0C-4D2B-9BB3-D91D7856652D}
	EndGlobalSection
EndGlobal
